
Microsoft Visual Studio Solution File, Format Version 12.00
# Visual Studio Version 17
VisualStudioVersion = 17.10.35013.160
MinimumVisualStudioVersion = 10.0.40219.1
Project("{FAE04EC0-301F-11D3-BF4B-00C04F79EFBC}") = "Wifidumper", "Wifidumper.csproj", "{D99A8CDC-5218-4E45-98FE-3F54A8833A96}"
EndProject
Global
	GlobalSection(SolutionConfigurationPlatforms) = preSolution
		Debug|Any CPU = Debug|Any CPU
		Release|Any CPU = Release|Any CPU
	EndGlobalSection
	GlobalSection(ProjectConfigurationPlatforms) = postSolution
		{D99A8CDC-5218-4E45-98FE-3F54A8833A96}.Debug|Any CPU.ActiveCfg = Debug|Any CPU
		{D99A8CDC-5218-4E45-98FE-3F54A8833A96}.Debug|Any CPU.Build.0 = Debug|Any CPU
		{D99A8CDC-5218-4E45-98FE-3F54A8833A96}.Release|Any CPU.ActiveCfg = Release|Any CPU
		{D99A8CDC-5218-4E45-98FE-3F54A8833A96}.Release|Any CPU.Build.0 = Release|Any CPU
	EndGlobalSection
	GlobalSection(SolutionProperties) = preSolution
		HideSolutionNode = FALSE
	EndGlobalSection
	GlobalSection(ExtensibilityGlobals) = postSolution
		SolutionGuid = {213E356E-4C54-4E09-8352-8276A6F72414}
	EndGlobalSection
EndGlobal
